// !$*UTF8*$!
{
	archiveVersion = 1;
	classes = {
	};
	objectVersion = 55;
	objects = {

/* Begin PBXBuildFile section */
		3134F382277E25BC1A4EAA8B /* Pods_iOSDependencyInjection.framework in Frameworks */ = {isa = PBXBuildFile; fileRef = DBCB937BFAAA55698AFCAB67 /* Pods_iOSDependencyInjection.framework */; };
		FCDBDB44289E954F006BA9A3 /* AppDelegate.swift in Sources */ = {isa = PBXBuildFile; fileRef = FCDBDB43289E954F006BA9A3 /* AppDelegate.swift */; };
		FCDBDB46289E954F006BA9A3 /* SceneDelegate.swift in Sources */ = {isa = PBXBuildFile; fileRef = FCDBDB45289E954F006BA9A3 /* SceneDelegate.swift */; };
		FCDBDB48289E954F006BA9A3 /* ViewController.swift in Sources */ = {isa = PBXBuildFile; fileRef = FCDBDB47289E954F006BA9A3 /* ViewController.swift */; };
		FCDBDB4B289E954F006BA9A3 /* Main.storyboard in Resources */ = {isa = PBXBuildFile; fileRef = FCDBDB49289E954F006BA9A3 /* Main.storyboard */; };
		FCDBDB4D289E9552006BA9A3 /* Assets.xcassets in Resources */ = {isa = PBXBuildFile; fileRef = FCDBDB4C289E9552006BA9A3 /* Assets.xcassets */; };
		FCDBDB50289E9552006BA9A3 /* LaunchScreen.storyboard in Resources */ = {isa = PBXBuildFile; fileRef = FCDBDB4E289E9552006BA9A3 /* LaunchScreen.storyboard */; };
		FCDBDB58289E99E9006BA9A3 /* AnotherVC.swift in Sources */ = {isa = PBXBuildFile; fileRef = FCDBDB57289E99E9006BA9A3 /* AnotherVC.swift */; };
		FCDBDB5A289E9A22006BA9A3 /* BackgroundProviderProtocol.swift in Sources */ = {isa = PBXBuildFile; fileRef = FCDBDB59289E9A22006BA9A3 /* BackgroundProviderProtocol.swift */; };
		FCDBDB5C289E9A4A006BA9A3 /* BackgroundProvidingClass.swift in Sources */ = {isa = PBXBuildFile; fileRef = FCDBDB5B289E9A4A006BA9A3 /* BackgroundProvidingClass.swift */; };
/* End PBXBuildFile section */

/* Begin PBXFileReference section */
		92EB18D8CE8BC33DB48A9C3F /* Pods-iOSDependencyInjection.debug.xcconfig */ = {isa = PBXFileReference; includeInIndex = 1; lastKnownFileType = text.xcconfig; name = "Pods-iOSDependencyInjection.debug.xcconfig"; path = "Target Support Files/Pods-iOSDependencyInjection/Pods-iOSDependencyInjection.debug.xcconfig"; sourceTree = "<group>"; };
		AD93D96F41D3160538E6A6DE /* Pods-iOSDependencyInjection.release.xcconfig */ = {isa = PBXFileReference; includeInIndex = 1; lastKnownFileType = text.xcconfig; name = "Pods-iOSDependencyInjection.release.xcconfig"; path = "Target Support Files/Pods-iOSDependencyInjection/Pods-iOSDependencyInjection.release.xcconfig"; sourceTree = "<group>"; };
		DBCB937BFAAA55698AFCAB67 /* Pods_iOSDependencyInjection.framework */ = {isa = PBXFileReference; explicitFileType = wrapper.framework; includeInIndex = 0; path = Pods_iOSDependencyInjection.framework; sourceTree = BUILT_PRODUCTS_DIR; };
		FCDBDB40289E954F006BA9A3 /* iOSDependencyInjection.app */ = {isa = PBXFileReference; explicitFileType = wrapper.application; includeInIndex = 0; path = iOSDependencyInjection.app; sourceTree = BUILT_PRODUCTS_DIR; };
		FCDBDB43289E954F006BA9A3 /* AppDelegate.swift */ = {isa = PBXFileReference; lastKnownFileType = sourcecode.swift; path = AppDelegate.swift; sourceTree = "<group>"; };
		FCDBDB45289E954F006BA9A3 /* SceneDelegate.swift */ = {isa = PBXFileReference; lastKnownFileType = sourcecode.swift; path = SceneDelegate.swift; sourceTree = "<group>"; };
		FCDBDB47289E954F006BA9A3 /* ViewController.swift */ = {isa = PBXFileReference; lastKnownFileType = sourcecode.swift; path = ViewController.swift; sourceTree = "<group>"; };
		FCDBDB4A289E954F006BA9A3 /* Base */ = {isa = PBXFileReference; lastKnownFileType = file.storyboard; name = Base; path = Base.lproj/Main.storyboard; sourceTree = "<group>"; };
		FCDBDB4C289E9552006BA9A3 /* Assets.xcassets */ = {isa = PBXFileReference; lastKnownFileType = folder.assetcatalog; path = Assets.xcassets; sourceTree = "<group>"; };
		FCDBDB4F289E9552006BA9A3 /* Base */ = {isa = PBXFileReference; lastKnownFileType = file.storyboard; name = Base; path = Base.lproj/LaunchScreen.storyboard; sourceTree = "<group>"; };
		FCDBDB51289E9552006BA9A3 /* Info.plist */ = {isa = PBXFileReference; lastKnownFileType = text.plist.xml; path = Info.plist; sourceTree = "<group>"; };
		FCDBDB57289E99E9006BA9A3 /* AnotherVC.swift */ = {isa = PBXFileReference; lastKnownFileType = sourcecode.swift; path = AnotherVC.swift; sourceTree = "<group>"; };
		FCDBDB59289E9A22006BA9A3 /* BackgroundProviderProtocol.swift */ = {isa = PBXFileReference; lastKnownFileType = sourcecode.swift; path = BackgroundProviderProtocol.swift; sourceTree = "<group>"; };
		FCDBDB5B289E9A4A006BA9A3 /* BackgroundProvidingClass.swift */ = {isa = PBXFileReference; lastKnownFileType = sourcecode.swift; path = BackgroundProvidingClass.swift; sourceTree = "<group>"; };
/* End PBXFileReference section */

/* Begin PBXFrameworksBuildPhase section */
		FCDBDB3D289E954F006BA9A3 /* Frameworks */ = {
			isa = PBXFrameworksBuildPhase;
			buildActionMask = 2147483647;
			files = (
				3134F382277E25BC1A4EAA8B /* Pods_iOSDependencyInjection.framework in Frameworks */,
			);
			runOnlyForDeploymentPostprocessing = 0;
		};
/* End PBXFrameworksBuildPhase section */

/* Begin PBXGroup section */
		238C455DFA8DB399D33023C8 /* Frameworks */ = {
			isa = PBXGroup;
			children = (
				DBCB937BFAAA55698AFCAB67 /* Pods_iOSDependencyInjection.framework */,
			);
			name = Frameworks;
			sourceTree = "<group>";
		};
		A09AEA9AC9E8BA69C4BE767B /* Pods */ = {
			isa = PBXGroup;
			children = (
				92EB18D8CE8BC33DB48A9C3F /* Pods-iOSDependencyInjection.debug.xcconfig */,
				AD93D96F41D3160538E6A6DE /* Pods-iOSDependencyInjection.release.xcconfig */,
			);
			path = Pods;
			sourceTree = "<group>";
		};
		FCDBDB37289E954F006BA9A3 = {
			isa = PBXGroup;
			children = (
				FCDBDB42289E954F006BA9A3 /* iOSDependencyInjection */,
				FCDBDB41289E954F006BA9A3 /* Products */,
				A09AEA9AC9E8BA69C4BE767B /* Pods */,
				238C455DFA8DB399D33023C8 /* Frameworks */,
			);
			sourceTree = "<group>";
		};
		FCDBDB41289E954F006BA9A3 /* Products */ = {
			isa = PBXGroup;
			children = (
				FCDBDB40289E954F006BA9A3 /* iOSDependencyInjection.app */,
			);
			name = Products;
			sourceTree = "<group>";
		};
		FCDBDB42289E954F006BA9A3 /* iOSDependencyInjection */ = {
			isa = PBXGroup;
			children = (
				FCDBDB43289E954F006BA9A3 /* AppDelegate.swift */,
				FCDBDB45289E954F006BA9A3 /* SceneDelegate.swift */,
				FCDBDB47289E954F006BA9A3 /* ViewController.swift */,
				FCDBDB57289E99E9006BA9A3 /* AnotherVC.swift */,
				FCDBDB59289E9A22006BA9A3 /* BackgroundProviderProtocol.swift */,
				FCDBDB5B289E9A4A006BA9A3 /* BackgroundProvidingClass.swift */,
				FCDBDB49289E954F006BA9A3 /* Main.storyboard */,
				FCDBDB4C289E9552006BA9A3 /* Assets.xcassets */,
				FCDBDB4E289E9552006BA9A3 /* LaunchScreen.storyboard */,
				FCDBDB51289E9552006BA9A3 /* Info.plist */,
			);
			path = iOSDependencyInjection;
			sourceTree = "<group>";
		};
/* End PBXGroup section */

/* Begin PBXNativeTarget section */
		FCDBDB3F289E954F006BA9A3 /* iOSDependencyInjection */ = {
			isa = PBXNativeTarget;
			buildConfigurationList = FCDBDB54289E9552006BA9A3 /* Build configuration list for PBXNativeTarget "iOSDependencyInjection" */;
			buildPhases = (
				EC79CB70DADCE438274C6B94 /* [CP] Check Pods Manifest.lock */,
				FCDBDB3C289E954F006BA9A3 /* Sources */,
				FCDBDB3D289E954F006BA9A3 /* Frameworks */,
				FCDBDB3E289E954F006BA9A3 /* Resources */,
				603483B8B11B8E3F9F9DB5A1 /* [CP] Embed Pods Frameworks */,
			);
			buildRules = (
			);
			dependencies = (
			);
			name = iOSDependencyInjection;
			productName = iOSDependencyInjection;
			productReference = FCDBDB40289E954F006BA9A3 /* iOSDependencyInjection.app */;
			productType = "com.apple.product-type.application";
		};
/* End PBXNativeTarget section */

/* Begin PBXProject section */
		FCDBDB38289E954F006BA9A3 /* Project object */ = {
			isa = PBXProject;
			attributes = {
				BuildIndependentTargetsInParallel = 1;
				LastSwiftUpdateCheck = 1340;
				LastUpgradeCheck = 1340;
				TargetAttributes = {
					FCDBDB3F289E954F006BA9A3 = {
						CreatedOnToolsVersion = 13.4.1;
					};
				};
			};
			buildConfigurationList = FCDBDB3B289E954F006BA9A3 /* Build configuration list for PBXProject "iOSDependencyInjection" */;
			compatibilityVersion = "Xcode 13.0";
			developmentRegion = en;
			hasScannedForEncodings = 0;
			knownRegions = (
				en,
				Base,
			);
			mainGroup = FCDBDB37289E954F006BA9A3;
			productRefGroup = FCDBDB41289E954F006BA9A3 /* Products */;
			projectDirPath = "";
			projectRoot = "";
			targets = (
				FCDBDB3F289E954F006BA9A3 /* iOSDependencyInjection */,
			);
		};
/* End PBXProject section */

/* Begin PBXResourcesBuildPhase section */
		FCDBDB3E289E954F006BA9A3 /* Resources */ = {
			isa = PBXResourcesBuildPhase;
			buildActionMask = 2147483647;
			files = (
				FCDBDB50289E9552006BA9A3 /* LaunchScreen.storyboard in Resources */,
				FCDBDB4D289E9552006BA9A3 /* Assets.xcassets in Resources */,
				FCDBDB4B289E954F006BA9A3 /* Main.storyboard in Resources */,
			);
			runOnlyForDeploymentPostprocessing = 0;
		};
/* End PBXResourcesBuildPhase section */

/* Begin PBXShellScriptBuildPhase section */
		603483B8B11B8E3F9F9DB5A1 /* [CP] Embed Pods Frameworks */ = {
			isa = PBXShellScriptBuildPhase;
			buildActionMask = 2147483647;
			files = (
			);
			inputFileListPaths = (
				"${PODS_ROOT}/Target Support Files/Pods-iOSDependencyInjection/Pods-iOSDependencyInjection-frameworks-${CONFIGURATION}-input-files.xcfilelist",
			);
			name = "[CP] Embed Pods Frameworks";
			outputFileListPaths = (
				"${PODS_ROOT}/Target Support Files/Pods-iOSDependencyInjection/Pods-iOSDependencyInjection-frameworks-${CONFIGURATION}-output-files.xcfilelist",
			);
			runOnlyForDeploymentPostprocessing = 0;
			shellPath = /bin/sh;
			shellScript = "\"${PODS_ROOT}/Target Support Files/Pods-iOSDependencyInjection/Pods-iOSDependencyInjection-frameworks.sh\"\n";
			showEnvVarsInLog = 0;
		};
		EC79CB70DADCE438274C6B94 /* [CP] Check Pods Manifest.lock */ = {
			isa = PBXShellScriptBuildPhase;
			buildActionMask = 2147483647;
			files = (
			);
			inputFileListPaths = (
			);
			inputPaths = (
				"${PODS_PODFILE_DIR_PATH}/Podfile.lock",
				"${PODS_ROOT}/Manifest.lock",
			);
			name = "[CP] Check Pods Manifest.lock";
			outputFileListPaths = (
			);
			outputPaths = (
				"$(DERIVED_FILE_DIR)/Pods-iOSDependencyInjection-checkManifestLockResult.txt",
			);
			runOnlyForDeploymentPostprocessing = 0;
			shellPath = /bin/sh;
			shellScript = "diff \"${PODS_PODFILE_DIR_PATH}/Podfile.lock\" \"${PODS_ROOT}/Manifest.lock\" > /dev/null\nif [ $? != 0 ] ; then\n    # print error to STDERR\n    echo \"error: The sandbox is not in sync with the Podfile.lock. Run 'pod install' or update your CocoaPods installation.\" >&2\n    exit 1\nfi\n# This output is used by Xcode 'outputs' to avoid re-running this script phase.\necho \"SUCCESS\" > \"${SCRIPT_OUTPUT_FILE_0}\"\n";
			showEnvVarsInLog = 0;
		};
/* End PBXShellScriptBuildPhase section */

/* Begin PBXSourcesBuildPhase section */
		FCDBDB3C289E954F006BA9A3 /* Sources */ = {
			isa = PBXSourcesBuildPhase;
			buildActionMask = 2147483647;
			files = (
				FCDBDB5A289E9A22006BA9A3 /* BackgroundProviderProtocol.swift in Sources */,
				FCDBDB58289E99E9006BA9A3 /* AnotherVC.swift in Sources */,
				FCDBDB48289E954F006BA9A3 /* ViewController.swift in Sources */,
				FCDBDB5C289E9A4A006BA9A3 /* BackgroundProvidingClass.swift in Sources */,
				FCDBDB44289E954F006BA9A3 /* AppDelegate.swift in Sources */,
				FCDBDB46289E954F006BA9A3 /* SceneDelegate.swift in Sources */,
			);
			runOnlyForDeploymentPostprocessing = 0;
		};
/* End PBXSourcesBuildPhase section */

/* Begin PBXVariantGroup section */
		FCDBDB49289E954F006BA9A3 /* Main.storyboard */ = {
			isa = PBXVariantGroup;
			children = (
				FCDBDB4A289E954F006BA9A3 /* Base */,
			);
			name = Main.storyboard;
			sourceTree = "<group>";
		};
		FCDBDB4E289E9552006BA9A3 /* LaunchScreen.storyboard */ = {
			isa = PBXVariantGroup;
			children = (
				FCDBDB4F289E9552006BA9A3 /* Base */,
			);
			name = LaunchScreen.storyboard;
			sourceTree = "<group>";
		};
/* End PBXVariantGroup section */

/* Begin XCBuildConfiguration section */
		FCDBDB52289E9552006BA9A3 /* Debug */ = {
			isa = XCBuildConfiguration;
			buildSettings = {
				ALWAYS_SEARCH_USER_PATHS = NO;
				CLANG_ANALYZER_NONNULL = YES;
				CLANG_ANALYZER_NUMBER_OBJECT_CONVERSION = YES_AGGRESSIVE;
				CLANG_CXX_LANGUAGE_STANDARD = "gnu++17";
				CLANG_ENABLE_MODULES = YES;
				CLANG_ENABLE_OBJC_ARC = YES;
				CLANG_ENABLE_OBJC_WEAK = YES;
				CLANG_WARN_BLOCK_CAPTURE_AUTORELEASING = YES;
				CLANG_WARN_BOOL_CONVERSION = YES;
				CLANG_WARN_COMMA = YES;
				CLANG_WARN_CONSTANT_CONVERSION = YES;
				CLANG_WARN_DEPRECATED_OBJC_IMPLEMENTATIONS = YES;
				CLANG_WARN_DIRECT_OBJC_ISA_USAGE = YES_ERROR;
				CLANG_WARN_DOCUMENTATION_COMMENTS = YES;
				CLANG_WARN_EMPTY_BODY = YES;
				CLANG_WARN_ENUM_CONVERSION = YES;
				CLANG_WARN_INFINITE_RECURSION = YES;
				CLANG_WARN_INT_CONVERSION = YES;
				CLANG_WARN_NON_LITERAL_NULL_CONVERSION = YES;
				CLANG_WARN_OBJC_IMPLICIT_RETAIN_SELF = YES;
				CLANG_WARN_OBJC_LITERAL_CONVERSION = YES;
				CLANG_WARN_OBJC_ROOT_CLASS = YES_ERROR;
				CLANG_WARN_QUOTED_INCLUDE_IN_FRAMEWORK_HEADER = YES;
				CLANG_WARN_RANGE_LOOP_ANALYSIS = YES;
				CLANG_WARN_STRICT_PROTOTYPES = YES;
				CLANG_WARN_SUSPICIOUS_MOVE = YES;
				CLANG_WARN_UNGUARDED_AVAILABILITY = YES_AGGRESSIVE;
				CLANG_WARN_UNREACHABLE_CODE = YES;
				CLANG_WARN__DUPLICATE_METHOD_MATCH = YES;
				COPY_PHASE_STRIP = NO;
				DEBUG_INFORMATION_FORMAT = dwarf;
				ENABLE_STRICT_OBJC_MSGSEND = YES;
				ENABLE_TESTABILITY = YES;
				GCC_C_LANGUAGE_STANDARD = gnu11;
				GCC_DYNAMIC_NO_PIC = NO;
				GCC_NO_COMMON_BLOCKS = YES;
				GCC_OPTIMIZATION_LEVEL = 0;
				GCC_PREPROCESSOR_DEFINITIONS = (
					"DEBUG=1",
					"$(inherited)",
				);
				GCC_WARN_64_TO_32_BIT_CONVERSION = YES;
				GCC_WARN_ABOUT_RETURN_TYPE = YES_ERROR;
				GCC_WARN_UNDECLARED_SELECTOR = YES;
				GCC_WARN_UNINITIALIZED_AUTOS = YES_AGGRESSIVE;
				GCC_WARN_UNUSED_FUNCTION = YES;
				GCC_WARN_UNUSED_VARIABLE = YES;
				IPHONEOS_DEPLOYMENT_TARGET = 15.5;
				MTL_ENABLE_DEBUG_INFO = INCLUDE_SOURCE;
				MTL_FAST_MATH = YES;
				ONLY_ACTIVE_ARCH = YES;
				SDKROOT = iphoneos;
				SWIFT_ACTIVE_COMPILATION_CONDITIONS = DEBUG;
				SWIFT_OPTIMIZATION_LEVEL = "-Onone";
			};
			name = Debug;
		};
		FCDBDB53289E9552006BA9A3 /* Release */ = {
			isa = XCBuildConfiguration;
			buildSettings = {
				ALWAYS_SEARCH_USER_PATHS = NO;
				CLANG_ANALYZER_NONNULL = YES;
				CLANG_ANALYZER_NUMBER_OBJECT_CONVERSION = YES_AGGRESSIVE;
				CLANG_CXX_LANGUAGE_STANDARD = "gnu++17";
				CLANG_ENABLE_MODULES = YES;
				CLANG_ENABLE_OBJC_ARC = YES;
				CLANG_ENABLE_OBJC_WEAK = YES;
				CLANG_WARN_BLOCK_CAPTURE_AUTORELEASING = YES;
				CLANG_WARN_BOOL_CONVERSION = YES;
				CLANG_WARN_COMMA = YES;
				CLANG_WARN_CONSTANT_CONVERSION = YES;
				CLANG_WARN_DEPRECATED_OBJC_IMPLEMENTATIONS = YES;
				CLANG_WARN_DIRECT_OBJC_ISA_USAGE = YES_ERROR;
				CLANG_WARN_DOCUMENTATION_COMMENTS = YES;
				CLANG_WARN_EMPTY_BODY = YES;
				CLANG_WARN_ENUM_CONVERSION = YES;
				CLANG_WARN_INFINITE_RECURSION = YES;
				CLANG_WARN_INT_CONVERSION = YES;
				CLANG_WARN_NON_LITERAL_NULL_CONVERSION = YES;
				CLANG_WARN_OBJC_IMPLICIT_RETAIN_SELF = YES;
				CLANG_WARN_OBJC_LITERAL_CONVERSION = YES;
				CLANG_WARN_OBJC_ROOT_CLASS = YES_ERROR;
				CLANG_WARN_QUOTED_INCLUDE_IN_FRAMEWORK_HEADER = YES;
				CLANG_WARN_RANGE_LOOP_ANALYSIS = YES;
				CLANG_WARN_STRICT_PROTOTYPES = YES;
				CLANG_WARN_SUSPICIOUS_MOVE = YES;
				CLANG_WARN_UNGUARDED_AVAILABILITY = YES_AGGRESSIVE;
				CLANG_WARN_UNREACHABLE_CODE = YES;
				CLANG_WARN__DUPLICATE_METHOD_MATCH = YES;
				COPY_PHASE_STRIP = NO;
				DEBUG_INFORMATION_FORMAT = "dwarf-with-dsym";
				ENABLE_NS_ASSERTIONS = NO;
				ENABLE_STRICT_OBJC_MSGSEND = YES;
				GCC_C_LANGUAGE_STANDARD = gnu11;
				GCC_NO_COMMON_BLOCKS = YES;
				GCC_WARN_64_TO_32_BIT_CONVERSION = YES;
				GCC_WARN_ABOUT_RETURN_TYPE = YES_ERROR;
				GCC_WARN_UNDECLARED_SELECTOR = YES;
				GCC_WARN_UNINITIALIZED_AUTOS = YES_AGGRESSIVE;
				GCC_WARN_UNUSED_FUNCTION = YES;
				GCC_WARN_UNUSED_VARIABLE = YES;
				IPHONEOS_DEPLOYMENT_TARGET = 15.5;
				MTL_ENABLE_DEBUG_INFO = NO;
				MTL_FAST_MATH = YES;
				SDKROOT = iphoneos;
				SWIFT_COMPILATION_MODE = wholemodule;
				SWIFT_OPTIMIZATION_LEVEL = "-O";
				VALIDATE_PRODUCT = YES;
			};
			name = Release;
		};
		FCDBDB55289E9552006BA9A3 /* Debug */ = {
			isa = XCBuildConfiguration;
			baseConfigurationReference = 92EB18D8CE8BC33DB48A9C3F /* Pods-iOSDependencyInjection.debug.xcconfig */;
			buildSettings = {
				ASSETCATALOG_COMPILER_APPICON_NAME = AppIcon;
				ASSETCATALOG_COMPILER_GLOBAL_ACCENT_COLOR_NAME = AccentColor;
				CODE_SIGN_STYLE = Automatic;
				CURRENT_PROJECT_VERSION = 1;
				DEVELOPMENT_TEAM = 7CZ8CAJJXF;
				GENERATE_INFOPLIST_FILE = YES;
				INFOPLIST_FILE = iOSDependencyInjection/Info.plist;
				INFOPLIST_KEY_UIApplicationSupportsIndirectInputEvents = YES;
				INFOPLIST_KEY_UILaunchStoryboardName = LaunchScreen;
				INFOPLIST_KEY_UIMainStoryboardFile = Main;
				INFOPLIST_KEY_UISupportedInterfaceOrientations_iPad = "UIInterfaceOrientationPortrait UIInterfaceOrientationPortraitUpsideDown UIInterfaceOrientationLandscapeLeft UIInterfaceOrientationLandscapeRight";
				INFOPLIST_KEY_UISupportedInterfaceOrientations_iPhone = "UIInterfaceOrientationPortrait UIInterfaceOrientationLandscapeLeft UIInterfaceOrientationLandscapeRight";
				LD_RUNPATH_SEARCH_PATHS = (
					"$(inherited)",
					"@executable_path/Frameworks",
				);
				MARKETING_VERSION = 1.0;
				PRODUCT_BUNDLE_IDENTIFIER = com.atilsamancioglu.iOSDependencyInjection;
				PRODUCT_NAME = "$(TARGET_NAME)";
				SWIFT_EMIT_LOC_STRINGS = YES;
				SWIFT_VERSION = 5.0;
				TARGETED_DEVICE_FAMILY = "1,2";
			};
			name = Debug;
		};
		FCDBDB56289E9552006BA9A3 /* Release */ = {
			isa = XCBuildConfiguration;
			baseConfigurationReference = AD93D96F41D3160538E6A6DE /* Pods-iOSDependencyInjection.release.xcconfig */;
			buildSettings = {
				ASSETCATALOG_COMPILER_APPICON_NAME = AppIcon;
				ASSETCATALOG_COMPILER_GLOBAL_ACCENT_COLOR_NAME = AccentColor;
				CODE_SIGN_STYLE = Automatic;
				CURRENT_PROJECT_VERSION = 1;
				DEVELOPMENT_TEAM = 7CZ8CAJJXF;
				GENERATE_INFOPLIST_FILE = YES;
				INFOPLIST_FILE = iOSDependencyInjection/Info.plist;
				INFOPLIST_KEY_UIApplicationSupportsIndirectInputEvents = YES;
				INFOPLIST_KEY_UILaunchStoryboardName = LaunchScreen;
				INFOPLIST_KEY_UIMainStoryboardFile = Main;
				INFOPLIST_KEY_UISupportedInterfaceOrientations_iPad = "UIInterfaceOrientationPortrait UIInterfaceOrientationPortraitUpsideDown UIInterfaceOrientationLandscapeLeft UIInterfaceOrientationLandscapeRight";
				INFOPLIST_KEY_UISupportedInterfaceOrientations_iPhone = "UIInterfaceOrientationPortrait UIInterfaceOrientationLandscapeLeft UIInterfaceOrientationLandscapeRight";
				LD_RUNPATH_SEARCH_PATHS = (
					"$(inherited)",
					"@executable_path/Frameworks",
				);
				MARKETING_VERSION = 1.0;
				PRODUCT_BUNDLE_IDENTIFIER = com.atilsamancioglu.iOSDependencyInjection;
				PRODUCT_NAME = "$(TARGET_NAME)";
				SWIFT_EMIT_LOC_STRINGS = YES;
				SWIFT_VERSION = 5.0;
				TARGETED_DEVICE_FAMILY = "1,2";
			};
			name = Release;
		};
/* End XCBuildConfiguration section */

/* Begin XCConfigurationList section */
		FCDBDB3B289E954F006BA9A3 /* Build configuration list for PBXProject "iOSDependencyInjection" */ = {
			isa = XCConfigurationList;
			buildConfigurations = (
				FCDBDB52289E9552006BA9A3 /* Debug */,
				FCDBDB53289E9552006BA9A3 /* Release */,
			);
			defaultConfigurationIsVisible = 0;
			defaultConfigurationName = Release;
		};
		FCDBDB54289E9552006BA9A3 /* Build configuration list for PBXNativeTarget "iOSDependencyInjection" */ = {
			isa = XCConfigurationList;
			buildConfigurations = (
				FCDBDB55289E9552006BA9A3 /* Debug */,
				FCDBDB56289E9552006BA9A3 /* Release */,
			);
			defaultConfigurationIsVisible = 0;
			defaultConfigurationName = Release;
		};
/* End XCConfigurationList section */
	};
	rootObject = FCDBDB38289E954F006BA9A3 /* Project object */;
}
